{
  "version": 2,
  "dependencies": {
    "net10.0": {
      "GitVersion.MsBuild": {
        "type": "Direct",
        "requested": "[6.8.0, )",
        "resolved": "6.8.0",
        "contentHash": "aZFpfZInvLBCfz8bsxKcqa37YLOBvpKdMZsDtJulTVoWI5tc6/Z60UTBxcupY92MIMW/Hft4x6fl4EqINusAwg=="
      },
      "JunitXml.TestLogger": {
        "type": "Direct",
        "requested": "[8.0.0, )",
        "resolved": "8.0.0",
        "contentHash": "rO2ugKcbVy8SHNKeqfX/DshUcTtolnEUwMKehVB6gh5/YoL+U07zoACCyGRvgMtzq7fr9o6GLkXOmVj9WMgx+w=="
      },
      "Microsoft.Build.Utilities.Core": {
        "type": "Direct",
        "requested": "[18.7.1, )",
        "resolved": "18.7.1",
        "contentHash": "qxESKA3linJoBtnZMJ1w7ykrr8vzINDzEoCpAFWrqvzuXedPVUMq6t82xYueyAeAZsbOTpi/lrWk7o8FcJIBMw==",
        "dependencies": {
          "Microsoft.Build.Framework": "18.7.1",
          "System.Configuration.ConfigurationManager": "10.0.4",
          "System.Diagnostics.EventLog": "10.0.4",
          "System.Security.Cryptography.ProtectedData": "10.0.4"
        }
      },
      "Microsoft.NET.ILLink.Tasks": {
        "type": "Direct",
        "requested": "[10.0.9, )",
        "resolved": "10.0.9",
        "contentHash": "4Iw41e2h7I4t70SJcX2GCmbyKJIlA273Cfm9RJMM050/3VBejGAG1KcthP5Z2L6SQcbfbf6BhNWO26+ZG+GzMg=="
      },
      "Microsoft.Testing.Extensions.CodeCoverage": {
        "type": "Direct",
        "requested": "[18.8.0, )",
        "resolved": "18.8.0",
        "contentHash": "euA4tpkGAkfHznVQrPzXFLNaUhcRCIKPkDmJJB+A2XU9d5ymHLhQ2Do0fGc/Z2y+VFUaNnM6vHhIrb4FW+qhtg==",
        "dependencies": {
          "Microsoft.DiaSymReader": "2.2.3",
          "Microsoft.Extensions.DependencyModel": "8.0.2",
          "Microsoft.Testing.Platform": "2.2.3"
        }
      },
      "Microsoft.Testing.Extensions.TrxReport": {
        "type": "Direct",
        "requested": "[2.2.3, )",
        "resolved": "2.2.3",
        "contentHash": "9Hot3ty5ZVWHrW40k2NPfD0dCaPwIxj7j7VjujNYwpYkYw9AdbejPHjGNkL/gvUWorauJf5IkeDoUeIbS7LuUg==",
        "dependencies": {
          "Microsoft.Testing.Extensions.TrxReport.Abstractions": "2.2.3",
          "Microsoft.Testing.Platform": "2.2.3"
        }
      },
      "Moq": {
        "type": "Direct",
        "requested": "[4.20.72, )",
        "resolved": "4.20.72",
        "contentHash": "EA55cjyNn8eTNWrgrdZJH5QLFp2L43oxl1tlkoYUKIE9pRwL784OWiTXeCV5ApS+AMYEAlt7Fo03A2XfouvHmQ==",
        "dependencies": {
          "Castle.Core": "5.1.1"
        }
      },
      "MSTest.TestAdapter": {
        "type": "Direct",
        "requested": "[4.2.3, )",
        "resolved": "4.2.3",
        "contentHash": "oVV/luk0bBghnVvLaw8MwFlD7It0Cx9P2nKobeqIafmTQqFFWY69Wo801dxjeNaLzO/o9WQ84WSK84gXJuubhg==",
        "dependencies": {
          "MSTest.TestFramework": "4.2.3",
          "Microsoft.Testing.Extensions.VSTestBridge": "2.2.3",
          "Microsoft.Testing.Platform.MSBuild": "2.2.3"
        }
      },
      "MSTest.TestFramework": {
        "type": "Direct",
        "requested": "[4.2.3, )",
        "resolved": "4.2.3",
        "contentHash": "9zzij59YLh+tf+FRLNqhzHjmdspR91bol+jdQxLlxxTGMAML6LDbvuyXKMGdcrE84+QpKkk6KjTVBC5PBGrDeA==",
        "dependencies": {
          "MSTest.Analyzers": "4.2.3"
        }
      },
      "Castle.Core": {
        "type": "Transitive",
        "resolved": "5.1.1",
        "contentHash": "rpYtIczkzGpf+EkZgDr9CClTdemhsrwA/W5hMoPjLkRFnXzH44zDLoovXeKtmxb1ykXK9aJVODSpiJml8CTw2g==",
        "dependencies": {
          "System.Diagnostics.EventLog": "6.0.0"
        }
      },
      "Microsoft.ApplicationInsights": {
        "type": "Transitive",
        "resolved": "2.23.0",
        "contentHash": "nWArUZTdU7iqZLycLKWe0TDms48KKGE6pONH2terYNa8REXiqixrMOkf1sk5DHGMaUTqONU2YkS4SAXBhLStgw=="
      },
      "Microsoft.Build.Framework": {
        "type": "Transitive",
        "resolved": "18.7.1",
        "contentHash": "OkLtppCHnD0hrfeTQDZNSe6oxYW2/1qKmtE/iyF8ZzsdC541Txv0pUGrDZQTNr0E/OYxzpt5oVHqR26A6mzYnw==",
        "dependencies": {
          "Microsoft.NET.StringTools": "18.7.1"
        }
      },
      "Microsoft.DiaSymReader": {
        "type": "Transitive",
        "resolved": "2.2.3",
        "contentHash": "bhwzJfzyiJM0nXJyNB7Y9OfsEXyxLdDBHG99soIp5JjnPydwkOaBdRCtRtWgQh3noSLi2cSIZ/wpbHNNE9knxQ=="
      },
      "Microsoft.Extensions.DependencyModel": {
        "type": "Transitive",
        "resolved": "8.0.2",
        "contentHash": "mUBDZZRgZrSyFOsJ2qJJ9fXfqd/kXJwf3AiDoqLD9m6TjY5OO/vLNOb9fb4juC0487eq4hcGN/M2Rh/CKS7QYw=="
      },
      "Microsoft.NET.StringTools": {
        "type": "Transitive",
        "resolved": "18.7.1",
        "contentHash": "OhuO9c4ZqYBaqB7INwOpDLa7wX0VkR2T3MhjUSsPebLvZi0/Z7QzeeD5uiINd9L9Wev+EwvNUiF3N2hWVtdFPQ=="
      },
      "Microsoft.Testing.Extensions.Telemetry": {
        "type": "Transitive",
        "resolved": "2.2.3",
        "contentHash": "mLdW+JOR3kXYGTdgR/qc/UZBA0r+eCR2k6bUxTcuDj5w9WdIQ7Lol5MBUU7YOSGd9bs9bvhSYWAptgz0YtQqCA==",
        "dependencies": {
          "Microsoft.ApplicationInsights": "2.23.0",
          "Microsoft.Testing.Platform": "2.2.3"
        }
      },
      "Microsoft.Testing.Extensions.TrxReport.Abstractions": {
        "type": "Transitive",
        "resolved": "2.2.3",
        "contentHash": "hntvxJEkmUAx6C2xXc/PO38DqEQl4rimzOgSvTR1hAMruMid7R4RcXOrzzF33J66gKaN7jRaQ0TMW/nNfaV9jw==",
        "dependencies": {
          "Microsoft.Testing.Platform": "2.2.3"
        }
      },
      "Microsoft.Testing.Extensions.VSTestBridge": {
        "type": "Transitive",
        "resolved": "2.2.3",
        "contentHash": "7WlJISO8QKUK+d+WhgnANwy4ACwUrvICnviY/mthPwjZ2gVeDaSUAeBnMy2cxfzZgm8VATtGUDbYzUxsgV2CyQ==",
        "dependencies": {
          "Microsoft.TestPlatform.ObjectModel": "18.3.0",
          "Microsoft.Testing.Extensions.Telemetry": "2.2.3",
          "Microsoft.Testing.Extensions.TrxReport.Abstractions": "2.2.3",
          "Microsoft.Testing.Platform": "2.2.3"
        }
      },
      "Microsoft.Testing.Platform": {
        "type": "Transitive",
        "resolved": "2.2.3",
        "contentHash": "LhM1/Qoi8Ams5QcD4r3f09CSOono9iQr3NEJQItFtyzWB55nWTgEOsVqXqMWWWIwk3nkPqc+XfnlJmp8xUI5fg=="
      },
      "Microsoft.Testing.Platform.MSBuild": {
        "type": "Transitive",
        "resolved": "2.2.3",
        "contentHash": "Q22jJYJLx4srTinsAuoCskqmzjrBJC8YeGJMHHIcrf1dQeHoEZ7wsqDzTlENkMoke2qfufF7U+9u58nlZunH/Q==",
        "dependencies": {
          "Microsoft.Testing.Platform": "2.2.3"
        }
      },
      "Microsoft.TestPlatform.ObjectModel": {
        "type": "Transitive",
        "resolved": "18.3.0",
        "contentHash": "AEIEX2aWdPO9XbtR96eBaJxmXRD9vaI9uQ1T/JbPEKlTAZwYx0ZrMzKyULMdh/HH9Sg03kXCoN7LszQ90o6nPQ=="
      },
      "MSTest.Analyzers": {
        "type": "Transitive",
        "resolved": "4.2.3",
        "contentHash": "dxOZt8/LWuiox7rugInJoIa5Mmu3pBmXdfaoZOx/mxx8+sUFFpjBXPlWXQXGeWzpkVPNC3x1Jf7rt2h2Zjyvvg=="
      },
      "System.Configuration.ConfigurationManager": {
        "type": "Transitive",
        "resolved": "10.0.4",
        "contentHash": "4u3HLMYQqnTIF26VUiKhSuXtjFIvEfnwK9ZBUa4bXEc1koQCCkZx6ss5urKjqqimJMtuPHDKPHDchxkgoDNhjQ==",
        "dependencies": {
          "System.Diagnostics.EventLog": "10.0.4",
          "System.Security.Cryptography.ProtectedData": "10.0.4"
        }
      },
      "System.Diagnostics.EventLog": {
        "type": "Transitive",
        "resolved": "10.0.4",
        "contentHash": "xXo5NcIPeMUMfpo9Efl/3Rgomjb/Jfa3Aa0BgSfqYctN4YpwjPzvIrnD9JTwoKqe3pFtLF9vmtMl892+wwZ6EA=="
      },
      "System.Security.Cryptography.ProtectedData": {
        "type": "Transitive",
        "resolved": "10.0.4",
        "contentHash": "LmDnaYkcWkZSlZ07L7YcB6bH8sCiBZ7j28kPbYiXdF6f0iUiN7rxsRORlZGdj5saN/wZIqvF7lDBn/cpjU+e2g=="
      },
      "Dorssel.GitVersion.MsBuild": {
        "type": "Project"
      }
    }
  }
}